{
  "name": "Extension-VRM",
  "lockfileVersion": 3,
  "requires": true,
  "packages": {
    "": {
      "dependencies": {
        "@pixiv/three-vrm-animation": "^3.4.5"
      }
    },
    "node_modules/@pixiv/three-vrm-animation": {
      "version": "3.4.5",
      "resolved": "https://registry.npmjs.org/@pixiv/three-vrm-animation/-/three-vrm-animation-3.4.5.tgz",
      "integrity": "sha512-lG13OHGQ698Nby7SBGiPLcQLvReV/omZkJooR/0upB5qK6Idu8smZeQczmo+zweRPrc/QWbNHDo9vO5rU52gig==",
      "license": "MIT",
      "dependencies": {
        "@pixiv/three-vrm-core": "3.4.5",
        "@pixiv/types-vrmc-vrm-1.0": "3.4.5",
        "@pixiv/types-vrmc-vrm-animation-1.0": "3.4.5"
      },
      "peerDependencies": {
        "three": ">=0.137"
      }
    },
    "node_modules/@pixiv/three-vrm-core": {
      "version": "3.4.5",
      "resolved": "https://registry.npmjs.org/@pixiv/three-vrm-core/-/three-vrm-core-3.4.5.tgz",
      "integrity": "sha512-w52JUwNUbeuGBLqc7/wVMGrN2jgyz67kQ3OplFT4ACF9qlepALXwUBrQJPlkf1Qtqrfbdd50kYJTQ2EO4m8Ang==",
      "license": "MIT",
      "dependencies": {
        "@pixiv/types-vrm-0.0": "3.4.5",
        "@pixiv/types-vrmc-vrm-1.0": "3.4.5"
      },
      "peerDependencies": {
        "three": ">=0.137"
      }
    },
    "node_modules/@pixiv/types-vrm-0.0": {
      "version": "3.4.5",
      "resolved": "https://registry.npmjs.org/@pixiv/types-vrm-0.0/-/types-vrm-0.0-3.4.5.tgz",
      "integrity": "sha512-hVTxAaEBEQoheNDt6KcFoSx6dGDF3L8a7MeNdubHEHKJWWS0YaLtPISDScdoX/5sXPVu+sjBLsRCHX7R5Vgi4A==",
      "license": "MIT"
    },
    "node_modules/@pixiv/types-vrmc-vrm-1.0": {
      "version": "3.4.5",
      "resolved": "https://registry.npmjs.org/@pixiv/types-vrmc-vrm-1.0/-/types-vrmc-vrm-1.0-3.4.5.tgz",
      "integrity": "sha512-6OIA1IinZ7h8DdxW8aToWowfHgr8qJ31cx2so7Tdj65eOIi59ohvskbWy3SFDG9Zt2tvN/M7Rr9W2rkb8LMFUA==",
      "license": "MIT"
    },
    "node_modules/@pixiv/types-vrmc-vrm-animation-1.0": {
      "version": "3.4.5",
      "resolved": "https://registry.npmjs.org/@pixiv/types-vrmc-vrm-animation-1.0/-/types-vrmc-vrm-animation-1.0-3.4.5.tgz",
      "integrity": "sha512-pUyhddl1DAb+jhCHLvbVIMeKUCfR5nzRV30qJ7Pvu2o6MToPlI6KvDnYVgFDx0k7g3rJKmTm6vbPpqMP6OgRxQ==",
      "license": "MIT",
      "dependencies": {
        "@pixiv/types-vrmc-vrm-1.0": "2.0.3"
      }
    },
    "node_modules/@pixiv/types-vrmc-vrm-animation-1.0/node_modules/@pixiv/types-vrmc-vrm-1.0": {
      "version": "2.0.3",
      "resolved": "https://registry.npmjs.org/@pixiv/types-vrmc-vrm-1.0/-/types-vrmc-vrm-1.0-2.0.3.tgz",
      "integrity": "sha512-RMP34Bk1qLFQv/CRB1Zqvn2qMFfWQfP2Hms5QrrfoBsW9XroZdEe0zPLNbGmUPYh4F7VtBb+B7+RCuymRtpehA==",
      "license": "MIT"
    },
    "node_modules/three": {
      "version": "0.182.0",
      "resolved": "https://registry.npmjs.org/three/-/three-0.182.0.tgz",
      "integrity": "sha512-GbHabT+Irv+ihI1/f5kIIsZ+Ef9Sl5A1Y7imvS5RQjWgtTPfPnZ43JmlYI7NtCRDK9zir20lQpfg8/9Yd02OvQ==",
      "license": "MIT",
      "peer": true
    }
  }
}
